
Microsoft Visual Studio Solution File, Format Version 12.00
# Visual Studio 15
VisualStudioVersion = 15.0.27130.2027
MinimumVisualStudioVersion = 10.0.40219.1
Project("{FAE04EC0-301F-11D3-BF4B-00C04F79EFBC}") = "WebApplication1", "WebApplication1\WebApplication1.csproj", "{5110AAAD-BD79-4C4A-B710-F2020EBDA74A}"
EndProject
Global
	GlobalSection(SolutionConfigurationPlatforms) = preSolution
		Debug|Any CPU = Debug|Any CPU
		Release|Any CPU = Release|Any CPU
	EndGlobalSection
	GlobalSection(ProjectConfigurationPlatforms) = postSolution
		{5110AAAD-BD79-4C4A-B710-F2020EBDA74A}.Debug|Any CPU.ActiveCfg = Debug|Any CPU
		{5110AAAD-BD79-4C4A-B710-F2020EBDA74A}.Debug|Any CPU.Build.0 = Debug|Any CPU
		{5110AAAD-BD79-4C4A-B710-F2020EBDA74A}.Release|Any CPU.ActiveCfg = Release|Any CPU
		{5110AAAD-BD79-4C4A-B710-F2020EBDA74A}.Release|Any CPU.Build.0 = Release|Any CPU
	EndGlobalSection
	GlobalSection(SolutionProperties) = preSolution
		HideSolutionNode = FALSE
	EndGlobalSection
	GlobalSection(ExtensibilityGlobals) = postSolution
		SolutionGuid = {E374071E-9671-462E-888A-222880EC297E}
	EndGlobalSection
EndGlobal
